// !$*UTF8*$!
{
	archiveVersion = 1;
	classes = {
	};
	objectVersion = 46;
	objects = {

/* Begin PBXBuildFile section */
		182751E11DC7A22C00DD6DB8 /* main.m in Sources */ = {isa = PBXBuildFile; fileRef = 182751E01DC7A22C00DD6DB8 /* main.m */; };
		182751E41DC7A22C00DD6DB8 /* AppDelegate.m in Sources */ = {isa = PBXBuildFile; fileRef = 182751E31DC7A22C00DD6DB8 /* AppDelegate.m */; };
		182751E71DC7A22C00DD6DB8 /* ViewController.m in Sources */ = {isa = PBXBuildFile; fileRef = 182751E61DC7A22C00DD6DB8 /* ViewController.m */; };
		182751EA1DC7A22C00DD6DB8 /* Main.storyboard in Resources */ = {isa = PBXBuildFile; fileRef = 182751E81DC7A22C00DD6DB8 /* Main.storyboard */; };
		182751EC1DC7A22C00DD6DB8 /* Assets.xcassets in Resources */ = {isa = PBXBuildFile; fileRef = 182751EB1DC7A22C00DD6DB8 /* Assets.xcassets */; };
		182751EF1DC7A22C00DD6DB8 /* LaunchScreen.storyboard in Resources */ = {isa = PBXBuildFile; fileRef = 182751ED1DC7A22C00DD6DB8 /* LaunchScreen.storyboard */; };
		182751FA1DC7A22C00DD6DB8 /* KeepWorksTests.m in Sources */ = {isa = PBXBuildFile; fileRef = 182751F91DC7A22C00DD6DB8 /* KeepWorksTests.m */; };
		182752051DC7A22C00DD6DB8 /* KeepWorksUITests.m in Sources */ = {isa = PBXBuildFile; fileRef = 182752041DC7A22C00DD6DB8 /* KeepWorksUITests.m */; };
		182752131DC8C28000DD6DB8 /* Events.json in Resources */ = {isa = PBXBuildFile; fileRef = 182752121DC8C28000DD6DB8 /* Events.json */; };
		182752161DC8C42F00DD6DB8 /* EventCell.m in Sources */ = {isa = PBXBuildFile; fileRef = 182752151DC8C42F00DD6DB8 /* EventCell.m */; };
		182752191DC8C61000DD6DB8 /* EventsViewController.m in Sources */ = {isa = PBXBuildFile; fileRef = 182752181DC8C61000DD6DB8 /* EventsViewController.m */; };
		1827521C1DC8CEC600DD6DB8 /* EventDetailViewController.m in Sources */ = {isa = PBXBuildFile; fileRef = 1827521B1DC8CEC600DD6DB8 /* EventDetailViewController.m */; };
		18A6288B1DC8DC9400AA53A3 /* KeepWorks.xcdatamodeld in Sources */ = {isa = PBXBuildFile; fileRef = 18A628891DC8DC9400AA53A3 /* KeepWorks.xcdatamodeld */; };
		18A6289D1DC8EEC600AA53A3 /* Event+CoreDataProperties.m in Sources */ = {isa = PBXBuildFile; fileRef = 18A628961DC8EEC600AA53A3 /* Event+CoreDataProperties.m */; };
		18A6289E1DC8EEC600AA53A3 /* Event.m in Sources */ = {isa = PBXBuildFile; fileRef = 18A628981DC8EEC600AA53A3 /* Event.m */; };
		18A6289F1DC8EEC600AA53A3 /* User+CoreDataProperties.m in Sources */ = {isa = PBXBuildFile; fileRef = 18A6289A1DC8EEC600AA53A3 /* User+CoreDataProperties.m */; };
		18A628A01DC8EEC600AA53A3 /* User.m in Sources */ = {isa = PBXBuildFile; fileRef = 18A6289C1DC8EEC600AA53A3 /* User.m */; };
/* End PBXBuildFile section */

/* Begin PBXContainerItemProxy section */
		182751F61DC7A22C00DD6DB8 /* PBXContainerItemProxy */ = {
			isa = PBXContainerItemProxy;
			containerPortal = 182751D41DC7A22C00DD6DB8 /* Project object */;
			proxyType = 1;
			remoteGlobalIDString = 182751DB1DC7A22C00DD6DB8;
			remoteInfo = KeepWorks;
		};
		182752011DC7A22C00DD6DB8 /* PBXContainerItemProxy */ = {
			isa = PBXContainerItemProxy;
			containerPortal = 182751D41DC7A22C00DD6DB8 /* Project object */;
			proxyType = 1;
			remoteGlobalIDString = 182751DB1DC7A22C00DD6DB8;
			remoteInfo = KeepWorks;
		};
/* End PBXContainerItemProxy section */

/* Begin PBXFileReference section */
		182751DC1DC7A22C00DD6DB8 /* KeepWorks.app */ = {isa = PBXFileReference; explicitFileType = wrapper.application; includeInIndex = 0; path = KeepWorks.app; sourceTree = BUILT_PRODUCTS_DIR; };
		182751E01DC7A22C00DD6DB8 /* main.m */ = {isa = PBXFileReference; lastKnownFileType = sourcecode.c.objc; path = main.m; sourceTree = "<group>"; };
		182751E21DC7A22C00DD6DB8 /* AppDelegate.h */ = {isa = PBXFileReference; lastKnownFileType = sourcecode.c.h; path = AppDelegate.h; sourceTree = "<group>"; };
		182751E31DC7A22C00DD6DB8 /* AppDelegate.m */ = {isa = PBXFileReference; lastKnownFileType = sourcecode.c.objc; path = AppDelegate.m; sourceTree = "<group>"; };
		182751E51DC7A22C00DD6DB8 /* ViewController.h */ = {isa = PBXFileReference; lastKnownFileType = sourcecode.c.h; path = ViewController.h; sourceTree = "<group>"; };
		182751E61DC7A22C00DD6DB8 /* ViewController.m */ = {isa = PBXFileReference; lastKnownFileType = sourcecode.c.objc; path = ViewController.m; sourceTree = "<group>"; };
		182751E91DC7A22C00DD6DB8 /* Base */ = {isa = PBXFileReference; lastKnownFileType = file.storyboard; name = Base; path = Base.lproj/Main.storyboard; sourceTree = "<group>"; };
		182751EB1DC7A22C00DD6DB8 /* Assets.xcassets */ = {isa = PBXFileReference; lastKnownFileType = folder.assetcatalog; path = Assets.xcassets; sourceTree = "<group>"; };
		182751EE1DC7A22C00DD6DB8 /* Base */ = {isa = PBXFileReference; lastKnownFileType = file.storyboard; name = Base; path = Base.lproj/LaunchScreen.storyboard; sourceTree = "<group>"; };
		182751F01DC7A22C00DD6DB8 /* Info.plist */ = {isa = PBXFileReference; lastKnownFileType = text.plist.xml; path = Info.plist; sourceTree = "<group>"; };
		182751F51DC7A22C00DD6DB8 /* KeepWorksTests.xctest */ = {isa = PBXFileReference; explicitFileType = wrapper.cfbundle; includeInIndex = 0; path = KeepWorksTests.xctest; sourceTree = BUILT_PRODUCTS_DIR; };
		182751F91DC7A22C00DD6DB8 /* KeepWorksTests.m */ = {isa = PBXFileReference; lastKnownFileType = sourcecode.c.objc; path = KeepWorksTests.m; sourceTree = "<group>"; };
		182751FB1DC7A22C00DD6DB8 /* Info.plist */ = {isa = PBXFileReference; lastKnownFileType = text.plist.xml; path = Info.plist; sourceTree = "<group>"; };
		182752001DC7A22C00DD6DB8 /* KeepWorksUITests.xctest */ = {isa = PBXFileReference; explicitFileType = wrapper.cfbundle; includeInIndex = 0; path = KeepWorksUITests.xctest; sourceTree = BUILT_PRODUCTS_DIR; };
		182752041DC7A22C00DD6DB8 /* KeepWorksUITests.m */ = {isa = PBXFileReference; lastKnownFileType = sourcecode.c.objc; path = KeepWorksUITests.m; sourceTree = "<group>"; };
		182752061DC7A22C00DD6DB8 /* Info.plist */ = {isa = PBXFileReference; lastKnownFileType = text.plist.xml; path = Info.plist; sourceTree = "<group>"; };
		182752121DC8C28000DD6DB8 /* Events.json */ = {isa = PBXFileReference; fileEncoding = 4; lastKnownFileType = text.json; path = Events.json; sourceTree = "<group>"; };
		182752141DC8C42F00DD6DB8 /* EventCell.h */ = {isa = PBXFileReference; fileEncoding = 4; lastKnownFileType = sourcecode.c.h; path = EventCell.h; sourceTree = "<group>"; };
		182752151DC8C42F00DD6DB8 /* EventCell.m */ = {isa = PBXFileReference; fileEncoding = 4; lastKnownFileType = sourcecode.c.objc; path = EventCell.m; sourceTree = "<group>"; };
		182752171DC8C61000DD6DB8 /* EventsViewController.h */ = {isa = PBXFileReference; fileEncoding = 4; lastKnownFileType = sourcecode.c.h; path = EventsViewController.h; sourceTree = "<group>"; };
		182752181DC8C61000DD6DB8 /* EventsViewController.m */ = {isa = PBXFileReference; fileEncoding = 4; lastKnownFileType = sourcecode.c.objc; path = EventsViewController.m; sourceTree = "<group>"; };
		1827521A1DC8CEC600DD6DB8 /* EventDetailViewController.h */ = {isa = PBXFileReference; fileEncoding = 4; lastKnownFileType = sourcecode.c.h; path = EventDetailViewController.h; sourceTree = "<group>"; };
		1827521B1DC8CEC600DD6DB8 /* EventDetailViewController.m */ = {isa = PBXFileReference; fileEncoding = 4; lastKnownFileType = sourcecode.c.objc; path = EventDetailViewController.m; sourceTree = "<group>"; };
		18A6288A1DC8DC9400AA53A3 /* KeepWorks.xcdatamodel */ = {isa = PBXFileReference; lastKnownFileType = wrapper.xcdatamodel; path = KeepWorks.xcdatamodel; sourceTree = "<group>"; };
		18A628951DC8EEC600AA53A3 /* Event+CoreDataProperties.h */ = {isa = PBXFileReference; fileEncoding = 4; lastKnownFileType = sourcecode.c.h; name = "Event+CoreDataProperties.h"; path = "KeepWorks/Event+CoreDataProperties.h"; sourceTree = "<group>"; };
		18A628961DC8EEC600AA53A3 /* Event+CoreDataProperties.m */ = {isa = PBXFileReference; fileEncoding = 4; lastKnownFileType = sourcecode.c.objc; name = "Event+CoreDataProperties.m"; path = "KeepWorks/Event+CoreDataProperties.m"; sourceTree = "<group>"; };
		18A628971DC8EEC600AA53A3 /* Event.h */ = {isa = PBXFileReference; fileEncoding = 4; lastKnownFileType = sourcecode.c.h; name = Event.h; path = KeepWorks/Event.h; sourceTree = "<group>"; };
		18A628981DC8EEC600AA53A3 /* Event.m */ = {isa = PBXFileReference; fileEncoding = 4; lastKnownFileType = sourcecode.c.objc; name = Event.m; path = KeepWorks/Event.m; sourceTree = "<group>"; };
		18A628991DC8EEC600AA53A3 /* User+CoreDataProperties.h */ = {isa = PBXFileReference; fileEncoding = 4; lastKnownFileType = sourcecode.c.h; name = "User+CoreDataProperties.h"; path = "KeepWorks/User+CoreDataProperties.h"; sourceTree = "<group>"; };
		18A6289A1DC8EEC600AA53A3 /* User+CoreDataProperties.m */ = {isa = PBXFileReference; fileEncoding = 4; lastKnownFileType = sourcecode.c.objc; name = "User+CoreDataProperties.m"; path = "KeepWorks/User+CoreDataProperties.m"; sourceTree = "<group>"; };
		18A6289B1DC8EEC600AA53A3 /* User.h */ = {isa = PBXFileReference; fileEncoding = 4; lastKnownFileType = sourcecode.c.h; name = User.h; path = KeepWorks/User.h; sourceTree = "<group>"; };
		18A6289C1DC8EEC600AA53A3 /* User.m */ = {isa = PBXFileReference; fileEncoding = 4; lastKnownFileType = sourcecode.c.objc; name = User.m; path = KeepWorks/User.m; sourceTree = "<group>"; };
/* End PBXFileReference section */

/* Begin PBXFrameworksBuildPhase section */
		182751D91DC7A22C00DD6DB8 /* Frameworks */ = {
			isa = PBXFrameworksBuildPhase;
			buildActionMask = 2147483647;
			files = (
			);
			runOnlyForDeploymentPostprocessing = 0;
		};
		182751F21DC7A22C00DD6DB8 /* Frameworks */ = {
			isa = PBXFrameworksBuildPhase;
			buildActionMask = 2147483647;
			files = (
			);
			runOnlyForDeploymentPostprocessing = 0;
		};
		182751FD1DC7A22C00DD6DB8 /* Frameworks */ = {
			isa = PBXFrameworksBuildPhase;
			buildActionMask = 2147483647;
			files = (
			);
			runOnlyForDeploymentPostprocessing = 0;
		};
/* End PBXFrameworksBuildPhase section */

/* Begin PBXGroup section */
		182751D31DC7A22C00DD6DB8 = {
			isa = PBXGroup;
			children = (
				18A628951DC8EEC600AA53A3 /* Event+CoreDataProperties.h */,
				18A628961DC8EEC600AA53A3 /* Event+CoreDataProperties.m */,
				18A628971DC8EEC600AA53A3 /* Event.h */,
				18A628981DC8EEC600AA53A3 /* Event.m */,
				18A628991DC8EEC600AA53A3 /* User+CoreDataProperties.h */,
				18A6289A1DC8EEC600AA53A3 /* User+CoreDataProperties.m */,
				18A6289B1DC8EEC600AA53A3 /* User.h */,
				18A6289C1DC8EEC600AA53A3 /* User.m */,
				182751DE1DC7A22C00DD6DB8 /* KeepWorks */,
				182751F81DC7A22C00DD6DB8 /* KeepWorksTests */,
				182752031DC7A22C00DD6DB8 /* KeepWorksUITests */,
				182751DD1DC7A22C00DD6DB8 /* Products */,
			);
			sourceTree = "<group>";
		};
		182751DD1DC7A22C00DD6DB8 /* Products */ = {
			isa = PBXGroup;
			children = (
				182751DC1DC7A22C00DD6DB8 /* KeepWorks.app */,
				182751F51DC7A22C00DD6DB8 /* KeepWorksTests.xctest */,
				182752001DC7A22C00DD6DB8 /* KeepWorksUITests.xctest */,
			);
			name = Products;
			sourceTree = "<group>";
		};
		182751DE1DC7A22C00DD6DB8 /* KeepWorks */ = {
			isa = PBXGroup;
			children = (
				182751E21DC7A22C00DD6DB8 /* AppDelegate.h */,
				18A628891DC8DC9400AA53A3 /* KeepWorks.xcdatamodeld */,
				182751E31DC7A22C00DD6DB8 /* AppDelegate.m */,
				182751E51DC7A22C00DD6DB8 /* ViewController.h */,
				182751E61DC7A22C00DD6DB8 /* ViewController.m */,
				182752171DC8C61000DD6DB8 /* EventsViewController.h */,
				182752181DC8C61000DD6DB8 /* EventsViewController.m */,
				1827521A1DC8CEC600DD6DB8 /* EventDetailViewController.h */,
				1827521B1DC8CEC600DD6DB8 /* EventDetailViewController.m */,
				182752141DC8C42F00DD6DB8 /* EventCell.h */,
				182752151DC8C42F00DD6DB8 /* EventCell.m */,
				182751E81DC7A22C00DD6DB8 /* Main.storyboard */,
				182752121DC8C28000DD6DB8 /* Events.json */,
				182751EB1DC7A22C00DD6DB8 /* Assets.xcassets */,
				182751ED1DC7A22C00DD6DB8 /* LaunchScreen.storyboard */,
				182751F01DC7A22C00DD6DB8 /* Info.plist */,
				182751DF1DC7A22C00DD6DB8 /* Supporting Files */,
			);
			path = KeepWorks;
			sourceTree = "<group>";
		};
		182751DF1DC7A22C00DD6DB8 /* Supporting Files */ = {
			isa = PBXGroup;
			children = (
				182751E01DC7A22C00DD6DB8 /* main.m */,
			);
			name = "Supporting Files";
			sourceTree = "<group>";
		};
		182751F81DC7A22C00DD6DB8 /* KeepWorksTests */ = {
			isa = PBXGroup;
			children = (
				182751F91DC7A22C00DD6DB8 /* KeepWorksTests.m */,
				182751FB1DC7A22C00DD6DB8 /* Info.plist */,
			);
			path = KeepWorksTests;
			sourceTree = "<group>";
		};
		182752031DC7A22C00DD6DB8 /* KeepWorksUITests */ = {
			isa = PBXGroup;
			children = (
				182752041DC7A22C00DD6DB8 /* KeepWorksUITests.m */,
				182752061DC7A22C00DD6DB8 /* Info.plist */,
			);
			path = KeepWorksUITests;
			sourceTree = "<group>";
		};
/* End PBXGroup section */

/* Begin PBXNativeTarget section */
		182751DB1DC7A22C00DD6DB8 /* KeepWorks */ = {
			isa = PBXNativeTarget;
			buildConfigurationList = 182752091DC7A22C00DD6DB8 /* Build configuration list for PBXNativeTarget "KeepWorks" */;
			buildPhases = (
				182751D81DC7A22C00DD6DB8 /* Sources */,
				182751D91DC7A22C00DD6DB8 /* Frameworks */,
				182751DA1DC7A22C00DD6DB8 /* Resources */,
			);
			buildRules = (
			);
			dependencies = (
			);
			name = KeepWorks;
			productName = KeepWorks;
			productReference = 182751DC1DC7A22C00DD6DB8 /* KeepWorks.app */;
			productType = "com.apple.product-type.application";
		};
		182751F41DC7A22C00DD6DB8 /* KeepWorksTests */ = {
			isa = PBXNativeTarget;
			buildConfigurationList = 1827520C1DC7A22C00DD6DB8 /* Build configuration list for PBXNativeTarget "KeepWorksTests" */;
			buildPhases = (
				182751F11DC7A22C00DD6DB8 /* Sources */,
				182751F21DC7A22C00DD6DB8 /* Frameworks */,
				182751F31DC7A22C00DD6DB8 /* Resources */,
			);
			buildRules = (
			);
			dependencies = (
				182751F71DC7A22C00DD6DB8 /* PBXTargetDependency */,
			);
			name = KeepWorksTests;
			productName = KeepWorksTests;
			productReference = 182751F51DC7A22C00DD6DB8 /* KeepWorksTests.xctest */;
			productType = "com.apple.product-type.bundle.unit-test";
		};
		182751FF1DC7A22C00DD6DB8 /* KeepWorksUITests */ = {
			isa = PBXNativeTarget;
			buildConfigurationList = 1827520F1DC7A22C00DD6DB8 /* Build configuration list for PBXNativeTarget "KeepWorksUITests" */;
			buildPhases = (
				182751FC1DC7A22C00DD6DB8 /* Sources */,
				182751FD1DC7A22C00DD6DB8 /* Frameworks */,
				182751FE1DC7A22C00DD6DB8 /* Resources */,
			);
			buildRules = (
			);
			dependencies = (
				182752021DC7A22C00DD6DB8 /* PBXTargetDependency */,
			);
			name = KeepWorksUITests;
			productName = KeepWorksUITests;
			productReference = 182752001DC7A22C00DD6DB8 /* KeepWorksUITests.xctest */;
			productType = "com.apple.product-type.bundle.ui-testing";
		};
/* End PBXNativeTarget section */

/* Begin PBXProject section */
		182751D41DC7A22C00DD6DB8 /* Project object */ = {
			isa = PBXProject;
			attributes = {
				LastUpgradeCheck = 0730;
				ORGANIZATIONNAME = com.appcoda.GSignIn;
				TargetAttributes = {
					182751DB1DC7A22C00DD6DB8 = {
						CreatedOnToolsVersion = 7.3.1;
						DevelopmentTeam = 933T2G7J8G;
					};
					182751F41DC7A22C00DD6DB8 = {
						CreatedOnToolsVersion = 7.3.1;
						DevelopmentTeam = 933T2G7J8G;
						TestTargetID = 182751DB1DC7A22C00DD6DB8;
					};
					182751FF1DC7A22C00DD6DB8 = {
						CreatedOnToolsVersion = 7.3.1;
						DevelopmentTeam = 933T2G7J8G;
						TestTargetID = 182751DB1DC7A22C00DD6DB8;
					};
				};
			};
			buildConfigurationList = 182751D71DC7A22C00DD6DB8 /* Build configuration list for PBXProject "KeepWorks" */;
			compatibilityVersion = "Xcode 3.2";
			developmentRegion = English;
			hasScannedForEncodings = 0;
			knownRegions = (
				en,
				Base,
			);
			mainGroup = 182751D31DC7A22C00DD6DB8;
			productRefGroup = 182751DD1DC7A22C00DD6DB8 /* Products */;
			projectDirPath = "";
			projectRoot = "";
			targets = (
				182751DB1DC7A22C00DD6DB8 /* KeepWorks */,
				182751F41DC7A22C00DD6DB8 /* KeepWorksTests */,
				182751FF1DC7A22C00DD6DB8 /* KeepWorksUITests */,
			);
		};
/* End PBXProject section */

/* Begin PBXResourcesBuildPhase section */
		182751DA1DC7A22C00DD6DB8 /* Resources */ = {
			isa = PBXResourcesBuildPhase;
			buildActionMask = 2147483647;
			files = (
				182752131DC8C28000DD6DB8 /* Events.json in Resources */,
				182751EF1DC7A22C00DD6DB8 /* LaunchScreen.storyboard in Resources */,
				182751EC1DC7A22C00DD6DB8 /* Assets.xcassets in Resources */,
				182751EA1DC7A22C00DD6DB8 /* Main.storyboard in Resources */,
			);
			runOnlyForDeploymentPostprocessing = 0;
		};
		182751F31DC7A22C00DD6DB8 /* Resources */ = {
			isa = PBXResourcesBuildPhase;
			buildActionMask = 2147483647;
			files = (
			);
			runOnlyForDeploymentPostprocessing = 0;
		};
		182751FE1DC7A22C00DD6DB8 /* Resources */ = {
			isa = PBXResourcesBuildPhase;
			buildActionMask = 2147483647;
			files = (
			);
			runOnlyForDeploymentPostprocessing = 0;
		};
/* End PBXResourcesBuildPhase section */

/* Begin PBXSourcesBuildPhase section */
		182751D81DC7A22C00DD6DB8 /* Sources */ = {
			isa = PBXSourcesBuildPhase;
			buildActionMask = 2147483647;
			files = (
				18A6289F1DC8EEC600AA53A3 /* User+CoreDataProperties.m in Sources */,
				1827521C1DC8CEC600DD6DB8 /* EventDetailViewController.m in Sources */,
				182752161DC8C42F00DD6DB8 /* EventCell.m in Sources */,
				18A6289D1DC8EEC600AA53A3 /* Event+CoreDataProperties.m in Sources */,
				18A6289E1DC8EEC600AA53A3 /* Event.m in Sources */,
				182752191DC8C61000DD6DB8 /* EventsViewController.m in Sources */,
				18A628A01DC8EEC600AA53A3 /* User.m in Sources */,
				18A6288B1DC8DC9400AA53A3 /* KeepWorks.xcdatamodeld in Sources */,
				182751E71DC7A22C00DD6DB8 /* ViewController.m in Sources */,
				182751E41DC7A22C00DD6DB8 /* AppDelegate.m in Sources */,
				182751E11DC7A22C00DD6DB8 /* main.m in Sources */,
			);
			runOnlyForDeploymentPostprocessing = 0;
		};
		182751F11DC7A22C00DD6DB8 /* Sources */ = {
			isa = PBXSourcesBuildPhase;
			buildActionMask = 2147483647;
			files = (
				182751FA1DC7A22C00DD6DB8 /* KeepWorksTests.m in Sources */,
			);
			runOnlyForDeploymentPostprocessing = 0;
		};
		182751FC1DC7A22C00DD6DB8 /* Sources */ = {
			isa = PBXSourcesBuildPhase;
			buildActionMask = 2147483647;
			files = (
				182752051DC7A22C00DD6DB8 /* KeepWorksUITests.m in Sources */,
			);
			runOnlyForDeploymentPostprocessing = 0;
		};
/* End PBXSourcesBuildPhase section */

/* Begin PBXTargetDependency section */
		182751F71DC7A22C00DD6DB8 /* PBXTargetDependency */ = {
			isa = PBXTargetDependency;
			target = 182751DB1DC7A22C00DD6DB8 /* KeepWorks */;
			targetProxy = 182751F61DC7A22C00DD6DB8 /* PBXContainerItemProxy */;
		};
		182752021DC7A22C00DD6DB8 /* PBXTargetDependency */ = {
			isa = PBXTargetDependency;
			target = 182751DB1DC7A22C00DD6DB8 /* KeepWorks */;
			targetProxy = 182752011DC7A22C00DD6DB8 /* PBXContainerItemProxy */;
		};
/* End PBXTargetDependency section */

/* Begin PBXVariantGroup section */
		182751E81DC7A22C00DD6DB8 /* Main.storyboard */ = {
			isa = PBXVariantGroup;
			children = (
				182751E91DC7A22C00DD6DB8 /* Base */,
			);
			name = Main.storyboard;
			sourceTree = "<group>";
		};
		182751ED1DC7A22C00DD6DB8 /* LaunchScreen.storyboard */ = {
			isa = PBXVariantGroup;
			children = (
				182751EE1DC7A22C00DD6DB8 /* Base */,
			);
			name = LaunchScreen.storyboard;
			sourceTree = "<group>";
		};
/* End PBXVariantGroup section */

/* Begin XCBuildConfiguration section */
		182752071DC7A22C00DD6DB8 /* Debug */ = {
			isa = XCBuildConfiguration;
			buildSettings = {
				ALWAYS_SEARCH_USER_PATHS = NO;
				CLANG_ANALYZER_NONNULL = YES;
				CLANG_CXX_LANGUAGE_STANDARD = "gnu++0x";
				CLANG_CXX_LIBRARY = "libc++";
				CLANG_ENABLE_MODULES = YES;
				CLANG_ENABLE_OBJC_ARC = YES;
				CLANG_WARN_BOOL_CONVERSION = YES;
				CLANG_WARN_CONSTANT_CONVERSION = YES;
				CLANG_WARN_DIRECT_OBJC_ISA_USAGE = YES_ERROR;
				CLANG_WARN_EMPTY_BODY = YES;
				CLANG_WARN_ENUM_CONVERSION = YES;
				CLANG_WARN_INT_CONVERSION = YES;
				CLANG_WARN_OBJC_ROOT_CLASS = YES_ERROR;
				CLANG_WARN_UNREACHABLE_CODE = YES;
				CLANG_WARN__DUPLICATE_METHOD_MATCH = YES;
				"CODE_SIGN_IDENTITY[sdk=iphoneos*]" = "iPhone Developer";
				COPY_PHASE_STRIP = NO;
				DEBUG_INFORMATION_FORMAT = dwarf;
				ENABLE_STRICT_OBJC_MSGSEND = YES;
				ENABLE_TESTABILITY = YES;
				GCC_C_LANGUAGE_STANDARD = gnu99;
				GCC_DYNAMIC_NO_PIC = NO;
				GCC_NO_COMMON_BLOCKS = YES;
				GCC_OPTIMIZATION_LEVEL = 0;
				GCC_PREPROCESSOR_DEFINITIONS = (
					"DEBUG=1",
					"$(inherited)",
				);
				GCC_WARN_64_TO_32_BIT_CONVERSION = YES;
				GCC_WARN_ABOUT_RETURN_TYPE = YES_ERROR;
				GCC_WARN_UNDECLARED_SELECTOR = YES;
				GCC_WARN_UNINITIALIZED_AUTOS = YES_AGGRESSIVE;
				GCC_WARN_UNUSED_FUNCTION = YES;
				GCC_WARN_UNUSED_VARIABLE = YES;
				IPHONEOS_DEPLOYMENT_TARGET = 9.3;
				MTL_ENABLE_DEBUG_INFO = YES;
				ONLY_ACTIVE_ARCH = YES;
				SDKROOT = iphoneos;
				TARGETED_DEVICE_FAMILY = "1,2";
			};
			name = Debug;
		};
		182752081DC7A22C00DD6DB8 /* Release */ = {
			isa = XCBuildConfiguration;
			buildSettings = {
				ALWAYS_SEARCH_USER_PATHS = NO;
				CLANG_ANALYZER_NONNULL = YES;
				CLANG_CXX_LANGUAGE_STANDARD = "gnu++0x";
				CLANG_CXX_LIBRARY = "libc++";
				CLANG_ENABLE_MODULES = YES;
				CLANG_ENABLE_OBJC_ARC = YES;
				CLANG_WARN_BOOL_CONVERSION = YES;
				CLANG_WARN_CONSTANT_CONVERSION = YES;
				CLANG_WARN_DIRECT_OBJC_ISA_USAGE = YES_ERROR;
				CLANG_WARN_EMPTY_BODY = YES;
				CLANG_WARN_ENUM_CONVERSION = YES;
				CLANG_WARN_INT_CONVERSION = YES;
				CLANG_WARN_OBJC_ROOT_CLASS = YES_ERROR;
				CLANG_WARN_UNREACHABLE_CODE = YES;
				CLANG_WARN__DUPLICATE_METHOD_MATCH = YES;
				"CODE_SIGN_IDENTITY[sdk=iphoneos*]" = "iPhone Developer";
				COPY_PHASE_STRIP = NO;
				DEBUG_INFORMATION_FORMAT = "dwarf-with-dsym";
				ENABLE_NS_ASSERTIONS = NO;
				ENABLE_STRICT_OBJC_MSGSEND = YES;
				GCC_C_LANGUAGE_STANDARD = gnu99;
				GCC_NO_COMMON_BLOCKS = YES;
				GCC_WARN_64_TO_32_BIT_CONVERSION = YES;
				GCC_WARN_ABOUT_RETURN_TYPE = YES_ERROR;
				GCC_WARN_UNDECLARED_SELECTOR = YES;
				GCC_WARN_UNINITIALIZED_AUTOS = YES_AGGRESSIVE;
				GCC_WARN_UNUSED_FUNCTION = YES;
				GCC_WARN_UNUSED_VARIABLE = YES;
				IPHONEOS_DEPLOYMENT_TARGET = 9.3;
				MTL_ENABLE_DEBUG_INFO = NO;
				SDKROOT = iphoneos;
				TARGETED_DEVICE_FAMILY = "1,2";
				VALIDATE_PRODUCT = YES;
			};
			name = Release;
		};
		1827520A1DC7A22C00DD6DB8 /* Debug */ = {
			isa = XCBuildConfiguration;
			buildSettings = {
				ASSETCATALOG_COMPILER_APPICON_NAME = AppIcon;
				INFOPLIST_FILE = KeepWorks/Info.plist;
				LD_RUNPATH_SEARCH_PATHS = "$(inherited) @executable_path/Frameworks";
				PRODUCT_BUNDLE_IDENTIFIER = com.dev.reddy.KeepWorks;
				PRODUCT_NAME = "$(TARGET_NAME)";
				TARGETED_DEVICE_FAMILY = 2;
			};
			name = Debug;
		};
		1827520B1DC7A22C00DD6DB8 /* Release */ = {
			isa = XCBuildConfiguration;
			buildSettings = {
				ASSETCATALOG_COMPILER_APPICON_NAME = AppIcon;
				INFOPLIST_FILE = KeepWorks/Info.plist;
				LD_RUNPATH_SEARCH_PATHS = "$(inherited) @executable_path/Frameworks";
				PRODUCT_BUNDLE_IDENTIFIER = com.dev.reddy.KeepWorks;
				PRODUCT_NAME = "$(TARGET_NAME)";
				TARGETED_DEVICE_FAMILY = 2;
			};
			name = Release;
		};
		1827520D1DC7A22C00DD6DB8 /* Debug */ = {
			isa = XCBuildConfiguration;
			buildSettings = {
				BUNDLE_LOADER = "$(TEST_HOST)";
				INFOPLIST_FILE = KeepWorksTests/Info.plist;
				LD_RUNPATH_SEARCH_PATHS = "$(inherited) @executable_path/Frameworks @loader_path/Frameworks";
				PRODUCT_BUNDLE_IDENTIFIER = com.dev.reddy.KeepWorksTests;
				PRODUCT_NAME = "$(TARGET_NAME)";
				TEST_HOST = "$(BUILT_PRODUCTS_DIR)/KeepWorks.app/KeepWorks";
			};
			name = Debug;
		};
		1827520E1DC7A22C00DD6DB8 /* Release */ = {
			isa = XCBuildConfiguration;
			buildSettings = {
				BUNDLE_LOADER = "$(TEST_HOST)";
				INFOPLIST_FILE = KeepWorksTests/Info.plist;
				LD_RUNPATH_SEARCH_PATHS = "$(inherited) @executable_path/Frameworks @loader_path/Frameworks";
				PRODUCT_BUNDLE_IDENTIFIER = com.dev.reddy.KeepWorksTests;
				PRODUCT_NAME = "$(TARGET_NAME)";
				TEST_HOST = "$(BUILT_PRODUCTS_DIR)/KeepWorks.app/KeepWorks";
			};
			name = Release;
		};
		182752101DC7A22C00DD6DB8 /* Debug */ = {
			isa = XCBuildConfiguration;
			buildSettings = {
				INFOPLIST_FILE = KeepWorksUITests/Info.plist;
				LD_RUNPATH_SEARCH_PATHS = "$(inherited) @executable_path/Frameworks @loader_path/Frameworks";
				PRODUCT_BUNDLE_IDENTIFIER = com.dev.reddy.KeepWorksUITests;
				PRODUCT_NAME = "$(TARGET_NAME)";
				TEST_TARGET_NAME = KeepWorks;
			};
			name = Debug;
		};
		182752111DC7A22C00DD6DB8 /* Release */ = {
			isa = XCBuildConfiguration;
			buildSettings = {
				INFOPLIST_FILE = KeepWorksUITests/Info.plist;
				LD_RUNPATH_SEARCH_PATHS = "$(inherited) @executable_path/Frameworks @loader_path/Frameworks";
				PRODUCT_BUNDLE_IDENTIFIER = com.dev.reddy.KeepWorksUITests;
				PRODUCT_NAME = "$(TARGET_NAME)";
				TEST_TARGET_NAME = KeepWorks;
			};
			name = Release;
		};
/* End XCBuildConfiguration section */

/* Begin XCConfigurationList section */
		182751D71DC7A22C00DD6DB8 /* Build configuration list for PBXProject "KeepWorks" */ = {
			isa = XCConfigurationList;
			buildConfigurations = (
				182752071DC7A22C00DD6DB8 /* Debug */,
				182752081DC7A22C00DD6DB8 /* Release */,
			);
			defaultConfigurationIsVisible = 0;
			defaultConfigurationName = Release;
		};
		182752091DC7A22C00DD6DB8 /* Build configuration list for PBXNativeTarget "KeepWorks" */ = {
			isa = XCConfigurationList;
			buildConfigurations = (
				1827520A1DC7A22C00DD6DB8 /* Debug */,
				1827520B1DC7A22C00DD6DB8 /* Release */,
			);
			defaultConfigurationIsVisible = 0;
			defaultConfigurationName = Release;
		};
		1827520C1DC7A22C00DD6DB8 /* Build configuration list for PBXNativeTarget "KeepWorksTests" */ = {
			isa = XCConfigurationList;
			buildConfigurations = (
				1827520D1DC7A22C00DD6DB8 /* Debug */,
				1827520E1DC7A22C00DD6DB8 /* Release */,
			);
			defaultConfigurationIsVisible = 0;
			defaultConfigurationName = Release;
		};
		1827520F1DC7A22C00DD6DB8 /* Build configuration list for PBXNativeTarget "KeepWorksUITests" */ = {
			isa = XCConfigurationList;
			buildConfigurations = (
				182752101DC7A22C00DD6DB8 /* Debug */,
				182752111DC7A22C00DD6DB8 /* Release */,
			);
			defaultConfigurationIsVisible = 0;
			defaultConfigurationName = Release;
		};
/* End XCConfigurationList section */

/* Begin XCVersionGroup section */
		18A628891DC8DC9400AA53A3 /* KeepWorks.xcdatamodeld */ = {
			isa = XCVersionGroup;
			children = (
				18A6288A1DC8DC9400AA53A3 /* KeepWorks.xcdatamodel */,
			);
			currentVersion = 18A6288A1DC8DC9400AA53A3 /* KeepWorks.xcdatamodel */;
			path = KeepWorks.xcdatamodeld;
			sourceTree = "<group>";
			versionGroupType = wrapper.xcdatamodel;
		};
/* End XCVersionGroup section */
	};
	rootObject = 182751D41DC7A22C00DD6DB8 /* Project object */;
}
